
Microsoft Visual Studio Solution File, Format Version 12.00
# Visual Studio Version 17
VisualStudioVersion = 17.3.32929.385
MinimumVisualStudioVersion = 10.0.40219.1
Project("{FAE04EC0-301F-11D3-BF4B-00C04F79EFBC}") = "WpfApp1", "WpfApp1.csproj", "{03F0F409-A8F1-480E-9BC0-782FC3D74772}"
EndProject
Global
	GlobalSection(SolutionConfigurationPlatforms) = preSolution
		Debug|Any CPU = Debug|Any CPU
		Release|Any CPU = Release|Any CPU
	EndGlobalSection
	GlobalSection(ProjectConfigurationPlatforms) = postSolution
		{03F0F409-A8F1-480E-9BC0-782FC3D74772}.Debug|Any CPU.ActiveCfg = Debug|Any CPU
		{03F0F409-A8F1-480E-9BC0-782FC3D74772}.Debug|Any CPU.Build.0 = Debug|Any CPU
		{03F0F409-A8F1-480E-9BC0-782FC3D74772}.Release|Any CPU.ActiveCfg = Release|Any CPU
		{03F0F409-A8F1-480E-9BC0-782FC3D74772}.Release|Any CPU.Build.0 = Release|Any CPU
	EndGlobalSection
	GlobalSection(SolutionProperties) = preSolution
		HideSolutionNode = FALSE
	EndGlobalSection
	GlobalSection(ExtensibilityGlobals) = postSolution
		SolutionGuid = {792CE283-9253-48F7-950B-EE3B043F2C49}
	EndGlobalSection
EndGlobal
